// !$*UTF8*$!
{
	archiveVersion = 1;
	classes = {
	};
	objectVersion = 56;
	objects = {

/* Begin PBXBuildFile section */
		206512502A69E29500EF9937 /* AppDelegate.swift in Sources */ = {isa = PBXBuildFile; fileRef = 2065124F2A69E29500EF9937 /* AppDelegate.swift */; };
		206512522A69E29500EF9937 /* SceneDelegate.swift in Sources */ = {isa = PBXBuildFile; fileRef = 206512512A69E29500EF9937 /* SceneDelegate.swift */; };
		206512542A69E29500EF9937 /* FoodsViewController.swift in Sources */ = {isa = PBXBuildFile; fileRef = 206512532A69E29500EF9937 /* FoodsViewController.swift */; };
		206512572A69E29500EF9937 /* Main.storyboard in Resources */ = {isa = PBXBuildFile; fileRef = 206512552A69E29500EF9937 /* Main.storyboard */; };
		206512592A69E29600EF9937 /* Assets.xcassets in Resources */ = {isa = PBXBuildFile; fileRef = 206512582A69E29600EF9937 /* Assets.xcassets */; };
		2065125C2A69E29600EF9937 /* LaunchScreen.storyboard in Resources */ = {isa = PBXBuildFile; fileRef = 2065125A2A69E29600EF9937 /* LaunchScreen.storyboard */; };
		206512672A69EF3900EF9937 /* TypeFood.swift in Sources */ = {isa = PBXBuildFile; fileRef = 206512662A69EF3900EF9937 /* TypeFood.swift */; };
		206512692A69F11E00EF9937 /* DataDummy.swift in Sources */ = {isa = PBXBuildFile; fileRef = 206512682A69F11E00EF9937 /* DataDummy.swift */; };
		D3EE7D9F2A6AEFD800CA4576 /* FoodItemCell.swift in Sources */ = {isa = PBXBuildFile; fileRef = D3EE7D9E2A6AEFD800CA4576 /* FoodItemCell.swift */; };
		D3EE7DA12A6AF07300CA4576 /* CustomViewBuildable.swift in Sources */ = {isa = PBXBuildFile; fileRef = D3EE7DA02A6AF07300CA4576 /* CustomViewBuildable.swift */; };
		D3EE7DA32A6B03A100CA4576 /* Extension.swift in Sources */ = {isa = PBXBuildFile; fileRef = D3EE7DA22A6B03A100CA4576 /* Extension.swift */; };
		D3EE7DA72A6B0D3B00CA4576 /* FoodsViewController + Extension.swift in Sources */ = {isa = PBXBuildFile; fileRef = D3EE7DA62A6B0D3B00CA4576 /* FoodsViewController + Extension.swift */; };
/* End PBXBuildFile section */

/* Begin PBXFileReference section */
		2065124C2A69E29500EF9937 /* SampleNewCollection.app */ = {isa = PBXFileReference; explicitFileType = wrapper.application; includeInIndex = 0; path = SampleNewCollection.app; sourceTree = BUILT_PRODUCTS_DIR; };
		2065124F2A69E29500EF9937 /* AppDelegate.swift */ = {isa = PBXFileReference; lastKnownFileType = sourcecode.swift; path = AppDelegate.swift; sourceTree = "<group>"; };
		206512512A69E29500EF9937 /* SceneDelegate.swift */ = {isa = PBXFileReference; lastKnownFileType = sourcecode.swift; path = SceneDelegate.swift; sourceTree = "<group>"; };
		206512532A69E29500EF9937 /* FoodsViewController.swift */ = {isa = PBXFileReference; lastKnownFileType = sourcecode.swift; path = FoodsViewController.swift; sourceTree = "<group>"; };
		206512562A69E29500EF9937 /* Base */ = {isa = PBXFileReference; lastKnownFileType = file.storyboard; name = Base; path = Base.lproj/Main.storyboard; sourceTree = "<group>"; };
		206512582A69E29600EF9937 /* Assets.xcassets */ = {isa = PBXFileReference; lastKnownFileType = folder.assetcatalog; path = Assets.xcassets; sourceTree = "<group>"; };
		2065125B2A69E29600EF9937 /* Base */ = {isa = PBXFileReference; lastKnownFileType = file.storyboard; name = Base; path = Base.lproj/LaunchScreen.storyboard; sourceTree = "<group>"; };
		2065125D2A69E29600EF9937 /* Info.plist */ = {isa = PBXFileReference; lastKnownFileType = text.plist.xml; path = Info.plist; sourceTree = "<group>"; };
		206512662A69EF3900EF9937 /* TypeFood.swift */ = {isa = PBXFileReference; lastKnownFileType = sourcecode.swift; path = TypeFood.swift; sourceTree = "<group>"; };
		206512682A69F11E00EF9937 /* DataDummy.swift */ = {isa = PBXFileReference; lastKnownFileType = sourcecode.swift; path = DataDummy.swift; sourceTree = "<group>"; };
		D3EE7D9E2A6AEFD800CA4576 /* FoodItemCell.swift */ = {isa = PBXFileReference; lastKnownFileType = sourcecode.swift; path = FoodItemCell.swift; sourceTree = "<group>"; };
		D3EE7DA02A6AF07300CA4576 /* CustomViewBuildable.swift */ = {isa = PBXFileReference; lastKnownFileType = sourcecode.swift; path = CustomViewBuildable.swift; sourceTree = "<group>"; };
		D3EE7DA22A6B03A100CA4576 /* Extension.swift */ = {isa = PBXFileReference; lastKnownFileType = sourcecode.swift; path = Extension.swift; sourceTree = "<group>"; };
		D3EE7DA62A6B0D3B00CA4576 /* FoodsViewController + Extension.swift */ = {isa = PBXFileReference; lastKnownFileType = sourcecode.swift; path = "FoodsViewController + Extension.swift"; sourceTree = "<group>"; };
/* End PBXFileReference section */

/* Begin PBXFrameworksBuildPhase section */
		206512492A69E29500EF9937 /* Frameworks */ = {
			isa = PBXFrameworksBuildPhase;
			buildActionMask = 2147483647;
			files = (
			);
			runOnlyForDeploymentPostprocessing = 0;
		};
/* End PBXFrameworksBuildPhase section */

/* Begin PBXGroup section */
		206512432A69E29500EF9937 = {
			isa = PBXGroup;
			children = (
				2065124E2A69E29500EF9937 /* SampleNewCollection */,
				2065124D2A69E29500EF9937 /* Products */,
			);
			sourceTree = "<group>";
		};
		2065124D2A69E29500EF9937 /* Products */ = {
			isa = PBXGroup;
			children = (
				2065124C2A69E29500EF9937 /* SampleNewCollection.app */,
			);
			name = Products;
			sourceTree = "<group>";
		};
		2065124E2A69E29500EF9937 /* SampleNewCollection */ = {
			isa = PBXGroup;
			children = (
				206512652A69E47E00EF9937 /* Core */,
				206512642A69E47700EF9937 /* Data */,
				206512632A69E46900EF9937 /* Presentation */,
				206512582A69E29600EF9937 /* Assets.xcassets */,
				2065125A2A69E29600EF9937 /* LaunchScreen.storyboard */,
				2065125D2A69E29600EF9937 /* Info.plist */,
			);
			path = SampleNewCollection;
			sourceTree = "<group>";
		};
		206512632A69E46900EF9937 /* Presentation */ = {
			isa = PBXGroup;
			children = (
				206512532A69E29500EF9937 /* FoodsViewController.swift */,
				D3EE7D9E2A6AEFD800CA4576 /* FoodItemCell.swift */,
				D3EE7DA02A6AF07300CA4576 /* CustomViewBuildable.swift */,
				D3EE7DA62A6B0D3B00CA4576 /* FoodsViewController + Extension.swift */,
			);
			path = Presentation;
			sourceTree = "<group>";
		};
		206512642A69E47700EF9937 /* Data */ = {
			isa = PBXGroup;
			children = (
				206512662A69EF3900EF9937 /* TypeFood.swift */,
				206512682A69F11E00EF9937 /* DataDummy.swift */,
			);
			path = Data;
			sourceTree = "<group>";
		};
		206512652A69E47E00EF9937 /* Core */ = {
			isa = PBXGroup;
			children = (
				206512512A69E29500EF9937 /* SceneDelegate.swift */,
				206512552A69E29500EF9937 /* Main.storyboard */,
				2065124F2A69E29500EF9937 /* AppDelegate.swift */,
				D3EE7DA22A6B03A100CA4576 /* Extension.swift */,
			);
			path = Core;
			sourceTree = "<group>";
		};
/* End PBXGroup section */

/* Begin PBXNativeTarget section */
		2065124B2A69E29500EF9937 /* SampleNewCollection */ = {
			isa = PBXNativeTarget;
			buildConfigurationList = 206512602A69E29600EF9937 /* Build configuration list for PBXNativeTarget "SampleNewCollection" */;
			buildPhases = (
				206512482A69E29500EF9937 /* Sources */,
				206512492A69E29500EF9937 /* Frameworks */,
				2065124A2A69E29500EF9937 /* Resources */,
			);
			buildRules = (
			);
			dependencies = (
			);
			name = SampleNewCollection;
			productName = SampleNewCollection;
			productReference = 2065124C2A69E29500EF9937 /* SampleNewCollection.app */;
			productType = "com.apple.product-type.application";
		};
/* End PBXNativeTarget section */

/* Begin PBXProject section */
		206512442A69E29500EF9937 /* Project object */ = {
			isa = PBXProject;
			attributes = {
				BuildIndependentTargetsInParallel = 1;
				LastSwiftUpdateCheck = 1420;
				LastUpgradeCheck = 1420;
				TargetAttributes = {
					2065124B2A69E29500EF9937 = {
						CreatedOnToolsVersion = 14.2;
					};
				};
			};
			buildConfigurationList = 206512472A69E29500EF9937 /* Build configuration list for PBXProject "SampleNewCollection" */;
			compatibilityVersion = "Xcode 14.0";
			developmentRegion = en;
			hasScannedForEncodings = 0;
			knownRegions = (
				en,
				Base,
			);
			mainGroup = 206512432A69E29500EF9937;
			productRefGroup = 2065124D2A69E29500EF9937 /* Products */;
			projectDirPath = "";
			projectRoot = "";
			targets = (
				2065124B2A69E29500EF9937 /* SampleNewCollection */,
			);
		};
/* End PBXProject section */

/* Begin PBXResourcesBuildPhase section */
		2065124A2A69E29500EF9937 /* Resources */ = {
			isa = PBXResourcesBuildPhase;
			buildActionMask = 2147483647;
			files = (
				2065125C2A69E29600EF9937 /* LaunchScreen.storyboard in Resources */,
				206512592A69E29600EF9937 /* Assets.xcassets in Resources */,
				206512572A69E29500EF9937 /* Main.storyboard in Resources */,
			);
			runOnlyForDeploymentPostprocessing = 0;
		};
/* End PBXResourcesBuildPhase section */

/* Begin PBXSourcesBuildPhase section */
		206512482A69E29500EF9937 /* Sources */ = {
			isa = PBXSourcesBuildPhase;
			buildActionMask = 2147483647;
			files = (
				D3EE7D9F2A6AEFD800CA4576 /* FoodItemCell.swift in Sources */,
				206512542A69E29500EF9937 /* FoodsViewController.swift in Sources */,
				206512502A69E29500EF9937 /* AppDelegate.swift in Sources */,
				206512522A69E29500EF9937 /* SceneDelegate.swift in Sources */,
				D3EE7DA72A6B0D3B00CA4576 /* FoodsViewController + Extension.swift in Sources */,
				206512692A69F11E00EF9937 /* DataDummy.swift in Sources */,
				D3EE7DA12A6AF07300CA4576 /* CustomViewBuildable.swift in Sources */,
				206512672A69EF3900EF9937 /* TypeFood.swift in Sources */,
				D3EE7DA32A6B03A100CA4576 /* Extension.swift in Sources */,
			);
			runOnlyForDeploymentPostprocessing = 0;
		};
/* End PBXSourcesBuildPhase section */

/* Begin PBXVariantGroup section */
		206512552A69E29500EF9937 /* Main.storyboard */ = {
			isa = PBXVariantGroup;
			children = (
				206512562A69E29500EF9937 /* Base */,
			);
			name = Main.storyboard;
			sourceTree = "<group>";
		};
		2065125A2A69E29600EF9937 /* LaunchScreen.storyboard */ = {
			isa = PBXVariantGroup;
			children = (
				2065125B2A69E29600EF9937 /* Base */,
			);
			name = LaunchScreen.storyboard;
			sourceTree = "<group>";
		};
/* End PBXVariantGroup section */

/* Begin XCBuildConfiguration section */
		2065125E2A69E29600EF9937 /* Debug */ = {
			isa = XCBuildConfiguration;
			buildSettings = {
				ALWAYS_SEARCH_USER_PATHS = NO;
				CLANG_ANALYZER_NONNULL = YES;
				CLANG_ANALYZER_NUMBER_OBJECT_CONVERSION = YES_AGGRESSIVE;
				CLANG_CXX_LANGUAGE_STANDARD = "gnu++20";
				CLANG_ENABLE_MODULES = YES;
				CLANG_ENABLE_OBJC_ARC = YES;
				CLANG_ENABLE_OBJC_WEAK = YES;
				CLANG_WARN_BLOCK_CAPTURE_AUTORELEASING = YES;
				CLANG_WARN_BOOL_CONVERSION = YES;
				CLANG_WARN_COMMA = YES;
				CLANG_WARN_CONSTANT_CONVERSION = YES;
				CLANG_WARN_DEPRECATED_OBJC_IMPLEMENTATIONS = YES;
				CLANG_WARN_DIRECT_OBJC_ISA_USAGE = YES_ERROR;
				CLANG_WARN_DOCUMENTATION_COMMENTS = YES;
				CLANG_WARN_EMPTY_BODY = YES;
				CLANG_WARN_ENUM_CONVERSION = YES;
				CLANG_WARN_INFINITE_RECURSION = YES;
				CLANG_WARN_INT_CONVERSION = YES;
				CLANG_WARN_NON_LITERAL_NULL_CONVERSION = YES;
				CLANG_WARN_OBJC_IMPLICIT_RETAIN_SELF = YES;
				CLANG_WARN_OBJC_LITERAL_CONVERSION = YES;
				CLANG_WARN_OBJC_ROOT_CLASS = YES_ERROR;
				CLANG_WARN_QUOTED_INCLUDE_IN_FRAMEWORK_HEADER = YES;
				CLANG_WARN_RANGE_LOOP_ANALYSIS = YES;
				CLANG_WARN_STRICT_PROTOTYPES = YES;
				CLANG_WARN_SUSPICIOUS_MOVE = YES;
				CLANG_WARN_UNGUARDED_AVAILABILITY = YES_AGGRESSIVE;
				CLANG_WARN_UNREACHABLE_CODE = YES;
				CLANG_WARN__DUPLICATE_METHOD_MATCH = YES;
				COPY_PHASE_STRIP = NO;
				DEBUG_INFORMATION_FORMAT = dwarf;
				ENABLE_STRICT_OBJC_MSGSEND = YES;
				ENABLE_TESTABILITY = YES;
				GCC_C_LANGUAGE_STANDARD = gnu11;
				GCC_DYNAMIC_NO_PIC = NO;
				GCC_NO_COMMON_BLOCKS = YES;
				GCC_OPTIMIZATION_LEVEL = 0;
				GCC_PREPROCESSOR_DEFINITIONS = (
					"DEBUG=1",
					"$(inherited)",
				);
				GCC_WARN_64_TO_32_BIT_CONVERSION = YES;
				GCC_WARN_ABOUT_RETURN_TYPE = YES_ERROR;
				GCC_WARN_UNDECLARED_SELECTOR = YES;
				GCC_WARN_UNINITIALIZED_AUTOS = YES_AGGRESSIVE;
				GCC_WARN_UNUSED_FUNCTION = YES;
				GCC_WARN_UNUSED_VARIABLE = YES;
				IPHONEOS_DEPLOYMENT_TARGET = 16.2;
				MTL_ENABLE_DEBUG_INFO = INCLUDE_SOURCE;
				MTL_FAST_MATH = YES;
				ONLY_ACTIVE_ARCH = YES;
				SDKROOT = iphoneos;
				SWIFT_ACTIVE_COMPILATION_CONDITIONS = DEBUG;
				SWIFT_OPTIMIZATION_LEVEL = "-Onone";
			};
			name = Debug;
		};
		2065125F2A69E29600EF9937 /* Release */ = {
			isa = XCBuildConfiguration;
			buildSettings = {
				ALWAYS_SEARCH_USER_PATHS = NO;
				CLANG_ANALYZER_NONNULL = YES;
				CLANG_ANALYZER_NUMBER_OBJECT_CONVERSION = YES_AGGRESSIVE;
				CLANG_CXX_LANGUAGE_STANDARD = "gnu++20";
				CLANG_ENABLE_MODULES = YES;
				CLANG_ENABLE_OBJC_ARC = YES;
				CLANG_ENABLE_OBJC_WEAK = YES;
				CLANG_WARN_BLOCK_CAPTURE_AUTORELEASING = YES;
				CLANG_WARN_BOOL_CONVERSION = YES;
				CLANG_WARN_COMMA = YES;
				CLANG_WARN_CONSTANT_CONVERSION = YES;
				CLANG_WARN_DEPRECATED_OBJC_IMPLEMENTATIONS = YES;
				CLANG_WARN_DIRECT_OBJC_ISA_USAGE = YES_ERROR;
				CLANG_WARN_DOCUMENTATION_COMMENTS = YES;
				CLANG_WARN_EMPTY_BODY = YES;
				CLANG_WARN_ENUM_CONVERSION = YES;
				CLANG_WARN_INFINITE_RECURSION = YES;
				CLANG_WARN_INT_CONVERSION = YES;
				CLANG_WARN_NON_LITERAL_NULL_CONVERSION = YES;
				CLANG_WARN_OBJC_IMPLICIT_RETAIN_SELF = YES;
				CLANG_WARN_OBJC_LITERAL_CONVERSION = YES;
				CLANG_WARN_OBJC_ROOT_CLASS = YES_ERROR;
				CLANG_WARN_QUOTED_INCLUDE_IN_FRAMEWORK_HEADER = YES;
				CLANG_WARN_RANGE_LOOP_ANALYSIS = YES;
				CLANG_WARN_STRICT_PROTOTYPES = YES;
				CLANG_WARN_SUSPICIOUS_MOVE = YES;
				CLANG_WARN_UNGUARDED_AVAILABILITY = YES_AGGRESSIVE;
				CLANG_WARN_UNREACHABLE_CODE = YES;
				CLANG_WARN__DUPLICATE_METHOD_MATCH = YES;
				COPY_PHASE_STRIP = NO;
				DEBUG_INFORMATION_FORMAT = "dwarf-with-dsym";
				ENABLE_NS_ASSERTIONS = NO;
				ENABLE_STRICT_OBJC_MSGSEND = YES;
				GCC_C_LANGUAGE_STANDARD = gnu11;
				GCC_NO_COMMON_BLOCKS = YES;
				GCC_WARN_64_TO_32_BIT_CONVERSION = YES;
				GCC_WARN_ABOUT_RETURN_TYPE = YES_ERROR;
				GCC_WARN_UNDECLARED_SELECTOR = YES;
				GCC_WARN_UNINITIALIZED_AUTOS = YES_AGGRESSIVE;
				GCC_WARN_UNUSED_FUNCTION = YES;
				GCC_WARN_UNUSED_VARIABLE = YES;
				IPHONEOS_DEPLOYMENT_TARGET = 16.2;
				MTL_ENABLE_DEBUG_INFO = NO;
				MTL_FAST_MATH = YES;
				SDKROOT = iphoneos;
				SWIFT_COMPILATION_MODE = wholemodule;
				SWIFT_OPTIMIZATION_LEVEL = "-O";
				VALIDATE_PRODUCT = YES;
			};
			name = Release;
		};
		206512612A69E29600EF9937 /* Debug */ = {
			isa = XCBuildConfiguration;
			buildSettings = {
				ASSETCATALOG_COMPILER_APPICON_NAME = AppIcon;
				ASSETCATALOG_COMPILER_GLOBAL_ACCENT_COLOR_NAME = AccentColor;
				CODE_SIGN_STYLE = Automatic;
				CURRENT_PROJECT_VERSION = 1;
				GENERATE_INFOPLIST_FILE = YES;
				INFOPLIST_FILE = SampleNewCollection/Info.plist;
				INFOPLIST_KEY_UIApplicationSupportsIndirectInputEvents = YES;
				INFOPLIST_KEY_UILaunchStoryboardName = LaunchScreen;
				INFOPLIST_KEY_UIMainStoryboardFile = Main;
				INFOPLIST_KEY_UISupportedInterfaceOrientations_iPad = "UIInterfaceOrientationPortrait UIInterfaceOrientationPortraitUpsideDown UIInterfaceOrientationLandscapeLeft UIInterfaceOrientationLandscapeRight";
				INFOPLIST_KEY_UISupportedInterfaceOrientations_iPhone = "UIInterfaceOrientationPortrait UIInterfaceOrientationLandscapeLeft UIInterfaceOrientationLandscapeRight";
				LD_RUNPATH_SEARCH_PATHS = (
					"$(inherited)",
					"@executable_path/Frameworks",
				);
				MARKETING_VERSION = 1.0;
				PRODUCT_BUNDLE_IDENTIFIER = Parduh.SampleNewCollection;
				PRODUCT_NAME = "$(TARGET_NAME)";
				SWIFT_EMIT_LOC_STRINGS = YES;
				SWIFT_VERSION = 5.0;
				TARGETED_DEVICE_FAMILY = "1,2";
			};
			name = Debug;
		};
		206512622A69E29600EF9937 /* Release */ = {
			isa = XCBuildConfiguration;
			buildSettings = {
				ASSETCATALOG_COMPILER_APPICON_NAME = AppIcon;
				ASSETCATALOG_COMPILER_GLOBAL_ACCENT_COLOR_NAME = AccentColor;
				CODE_SIGN_STYLE = Automatic;
				CURRENT_PROJECT_VERSION = 1;
				GENERATE_INFOPLIST_FILE = YES;
				INFOPLIST_FILE = SampleNewCollection/Info.plist;
				INFOPLIST_KEY_UIApplicationSupportsIndirectInputEvents = YES;
				INFOPLIST_KEY_UILaunchStoryboardName = LaunchScreen;
				INFOPLIST_KEY_UIMainStoryboardFile = Main;
				INFOPLIST_KEY_UISupportedInterfaceOrientations_iPad = "UIInterfaceOrientationPortrait UIInterfaceOrientationPortraitUpsideDown UIInterfaceOrientationLandscapeLeft UIInterfaceOrientationLandscapeRight";
				INFOPLIST_KEY_UISupportedInterfaceOrientations_iPhone = "UIInterfaceOrientationPortrait UIInterfaceOrientationLandscapeLeft UIInterfaceOrientationLandscapeRight";
				LD_RUNPATH_SEARCH_PATHS = (
					"$(inherited)",
					"@executable_path/Frameworks",
				);
				MARKETING_VERSION = 1.0;
				PRODUCT_BUNDLE_IDENTIFIER = Parduh.SampleNewCollection;
				PRODUCT_NAME = "$(TARGET_NAME)";
				SWIFT_EMIT_LOC_STRINGS = YES;
				SWIFT_VERSION = 5.0;
				TARGETED_DEVICE_FAMILY = "1,2";
			};
			name = Release;
		};
/* End XCBuildConfiguration section */

/* Begin XCConfigurationList section */
		206512472A69E29500EF9937 /* Build configuration list for PBXProject "SampleNewCollection" */ = {
			isa = XCConfigurationList;
			buildConfigurations = (
				2065125E2A69E29600EF9937 /* Debug */,
				2065125F2A69E29600EF9937 /* Release */,
			);
			defaultConfigurationIsVisible = 0;
			defaultConfigurationName = Release;
		};
		206512602A69E29600EF9937 /* Build configuration list for PBXNativeTarget "SampleNewCollection" */ = {
			isa = XCConfigurationList;
			buildConfigurations = (
				206512612A69E29600EF9937 /* Debug */,
				206512622A69E29600EF9937 /* Release */,
			);
			defaultConfigurationIsVisible = 0;
			defaultConfigurationName = Release;
		};
/* End XCConfigurationList section */
	};
	rootObject = 206512442A69E29500EF9937 /* Project object */;
}
